
Microsoft Visual Studio Solution File, Format Version 12.00
# Visual Studio Version 17
VisualStudioVersion = 17.13.35931.197 d17.13
MinimumVisualStudioVersion = 10.0.40219.1
Project("{FAE04EC0-301F-11D3-BF4B-00C04F79EFBC}") = "P2_Matematica", "P2_Matematica\P2_Matematica.csproj", "{5BB5A6C1-1E9B-40CB-99D0-41194FA1258A}"
EndProject
Global
	GlobalSection(SolutionConfigurationPlatforms) = preSolution
		Debug|Any CPU = Debug|Any CPU
		Release|Any CPU = Release|Any CPU
	EndGlobalSection
	GlobalSection(ProjectConfigurationPlatforms) = postSolution
		{5BB5A6C1-1E9B-40CB-99D0-41194FA1258A}.Debug|Any CPU.ActiveCfg = Debug|Any CPU
		{5BB5A6C1-1E9B-40CB-99D0-41194FA1258A}.Debug|Any CPU.Build.0 = Debug|Any CPU
		{5BB5A6C1-1E9B-40CB-99D0-41194FA1258A}.Release|Any CPU.ActiveCfg = Release|Any CPU
		{5BB5A6C1-1E9B-40CB-99D0-41194FA1258A}.Release|Any CPU.Build.0 = Release|Any CPU
	EndGlobalSection
	GlobalSection(SolutionProperties) = preSolution
		HideSolutionNode = FALSE
	EndGlobalSection
	GlobalSection(ExtensibilityGlobals) = postSolution
		SolutionGuid = {9F8A3396-7290-4EB7-A809-AF661A4E6D0C}
	EndGlobalSection
EndGlobal
